
Microsoft Visual Studio Solution File, Format Version 12.00
# Visual Studio Version 17
VisualStudioVersion = 17.7.34018.315
MinimumVisualStudioVersion = 10.0.40219.1
Project("{FAE04EC0-301F-11D3-BF4B-00C04F79EFBC}") = "app_dev_prelim_reviewer", "app_dev_prelim_reviewer\app_dev_prelim_reviewer.csproj", "{E1941A8F-CEBB-4537-B61E-F95192182DAB}"
EndProject
Global
	GlobalSection(SolutionConfigurationPlatforms) = preSolution
		Debug|Any CPU = Debug|Any CPU
		Release|Any CPU = Release|Any CPU
	EndGlobalSection
	GlobalSection(ProjectConfigurationPlatforms) = postSolution
		{E1941A8F-CEBB-4537-B61E-F95192182DAB}.Debug|Any CPU.ActiveCfg = Debug|Any CPU
		{E1941A8F-CEBB-4537-B61E-F95192182DAB}.Debug|Any CPU.Build.0 = Debug|Any CPU
		{E1941A8F-CEBB-4537-B61E-F95192182DAB}.Release|Any CPU.ActiveCfg = Release|Any CPU
		{E1941A8F-CEBB-4537-B61E-F95192182DAB}.Release|Any CPU.Build.0 = Release|Any CPU
	EndGlobalSection
	GlobalSection(SolutionProperties) = preSolution
		HideSolutionNode = FALSE
	EndGlobalSection
	GlobalSection(ExtensibilityGlobals) = postSolution
		SolutionGuid = {A2F54F2A-D90C-498B-947A-E98FC7AC5D3A}
	EndGlobalSection
EndGlobal
